{
  "name": "blog",
  "lockfileVersion": 2,
  "requires": true,
  "packages": {
    "": {
      "dependencies": {
        "github-markdown-css": "^5.2.0",
        "marked": "^4.3.0",
        "vditor": "^3.9.2"
      }
    },
    "node_modules/diff-match-patch": {
      "version": "1.0.5",
      "resolved": "https://registry.npmjs.org/diff-match-patch/-/diff-match-patch-1.0.5.tgz",
      "integrity": "sha512-IayShXAgj/QMXgB0IWmKx+rOPuGMhqm5w6jvFxmVenXKIzRqTAAsbBPT3kWQeGANj3jGgvcvv4yK6SxqYmikgw=="
    },
    "node_modules/github-markdown-css": {
      "version": "5.2.0",
      "resolved": "https://registry.npmjs.org/github-markdown-css/-/github-markdown-css-5.2.0.tgz",
      "integrity": "sha512-hq5RaCInSUZ48bImOZpkppW2/MT44StRgsbsZ8YA4vJFwLKB/Vo3k7R2t+pUGqO+ThG0QDMi96TewV/B3vyItg==",
      "funding": {
        "url": "https://github.com/sponsors/sindresorhus"
      }
    },
    "node_modules/marked": {
      "version": "4.3.0",
      "resolved": "https://registry.npmjs.org/marked/-/marked-4.3.0.tgz",
      "integrity": "sha512-PRsaiG84bK+AMvxziE/lCFss8juXjNaWzVbN5tXAm4XjeaS9NAHhop+PjQxz2A9h8Q4M/xGmzP8vqNwy6JeK0A==",
      "bin": {
        "marked": "bin/marked.js"
      },
      "engines": {
        "node": ">= 12"
      }
    },
    "node_modules/vditor": {
      "version": "3.9.2",
      "resolved": "https://registry.npmjs.org/vditor/-/vditor-3.9.2.tgz",
      "integrity": "sha512-Uei2HV1WACPE82FRkYLo3ys5E3KR7ucYgbMQNR8t33f2QxZMjwR6e5S/zoXccc9ru6ZWGi35DJE5vEW29hD4lQ==",
      "dependencies": {
        "diff-match-patch": "^1.0.5"
      },
      "funding": {
        "url": "https://ld246.com/sponsor"
      }
    }
  },
  "dependencies": {
    "diff-match-patch": {
      "version": "1.0.5",
      "resolved": "https://registry.npmjs.org/diff-match-patch/-/diff-match-patch-1.0.5.tgz",
      "integrity": "sha512-IayShXAgj/QMXgB0IWmKx+rOPuGMhqm5w6jvFxmVenXKIzRqTAAsbBPT3kWQeGANj3jGgvcvv4yK6SxqYmikgw=="
    },
    "github-markdown-css": {
      "version": "5.2.0",
      "resolved": "https://registry.npmjs.org/github-markdown-css/-/github-markdown-css-5.2.0.tgz",
      "integrity": "sha512-hq5RaCInSUZ48bImOZpkppW2/MT44StRgsbsZ8YA4vJFwLKB/Vo3k7R2t+pUGqO+ThG0QDMi96TewV/B3vyItg=="
    },
    "marked": {
      "version": "4.3.0",
      "resolved": "https://registry.npmjs.org/marked/-/marked-4.3.0.tgz",
      "integrity": "sha512-PRsaiG84bK+AMvxziE/lCFss8juXjNaWzVbN5tXAm4XjeaS9NAHhop+PjQxz2A9h8Q4M/xGmzP8vqNwy6JeK0A=="
    },
    "vditor": {
      "version": "3.9.2",
      "resolved": "https://registry.npmjs.org/vditor/-/vditor-3.9.2.tgz",
      "integrity": "sha512-Uei2HV1WACPE82FRkYLo3ys5E3KR7ucYgbMQNR8t33f2QxZMjwR6e5S/zoXccc9ru6ZWGi35DJE5vEW29hD4lQ==",
      "requires": {
        "diff-match-patch": "^1.0.5"
      }
    }
  }
}
